
Microsoft Visual Studio Solution File, Format Version 12.00
# Visual Studio 15
VisualStudioVersion = 15.0.27130.0
MinimumVisualStudioVersion = 10.0.40219.1
Project("{FAE04EC0-301F-11D3-BF4B-00C04F79EFBC}") = "Moneybox", "Moneybox\Moneybox.csproj", "{69D4B117-38F5-47D0-99C1-83CE4278E352}"
EndProject
Global
	GlobalSection(SolutionConfigurationPlatforms) = preSolution
		Debug|Any CPU = Debug|Any CPU
		Release|Any CPU = Release|Any CPU
	EndGlobalSection
	GlobalSection(ProjectConfigurationPlatforms) = postSolution
		{69D4B117-38F5-47D0-99C1-83CE4278E352}.Debug|Any CPU.ActiveCfg = Debug|Any CPU
		{69D4B117-38F5-47D0-99C1-83CE4278E352}.Debug|Any CPU.Build.0 = Debug|Any CPU
		{69D4B117-38F5-47D0-99C1-83CE4278E352}.Release|Any CPU.ActiveCfg = Release|Any CPU
		{69D4B117-38F5-47D0-99C1-83CE4278E352}.Release|Any CPU.Build.0 = Release|Any CPU
	EndGlobalSection
	GlobalSection(SolutionProperties) = preSolution
		HideSolutionNode = FALSE
	EndGlobalSection
	GlobalSection(ExtensibilityGlobals) = postSolution
		SolutionGuid = {98C74FF9-9D86-45C3-B876-D4063E2F11AD}
	EndGlobalSection
EndGlobal
